
Microsoft Visual Studio Solution File, Format Version 12.00
# Visual Studio 2013
VisualStudioVersion = 12.0.40629.0
MinimumVisualStudioVersion = 10.0.40219.1
Project("{FAE04EC0-301F-11D3-BF4B-00C04F79EFBC}") = "s32.Sceh", "s32.Sceh\s32.Sceh.csproj", "{E97499F3-F86D-4214-BAAC-5A1CA0550A3F}"
EndProject
Project("{FAE04EC0-301F-11D3-BF4B-00C04F79EFBC}") = "s32.Sceh.Data", "s32.Sceh.Data\s32.Sceh.Data.csproj", "{6BC4B31B-5FF7-4EAB-9CC9-8CFCFFDA0846}"
EndProject
Project("{FAE04EC0-301F-11D3-BF4B-00C04F79EFBC}") = "s32.Sceh.Code", "s32.Sceh.Code\s32.Sceh.Code.csproj", "{87B0720B-E836-4ECB-BF50-38300DB7ECAE}"
EndProject
Project("{FAE04EC0-301F-11D3-BF4B-00C04F79EFBC}") = "s32.Sceh.Classes", "s32.Sceh.Classes\s32.Sceh.Classes.csproj", "{95B9D584-2509-4A9B-B093-7360051F2E98}"
EndProject
Project("{FAE04EC0-301F-11D3-BF4B-00C04F79EFBC}") = "s32.Sceh.Interfaces", "s32.Sceh.Interfaces\s32.Sceh.Interfaces.csproj", "{0CA5FAD4-DAEE-4D54-A38B-3A38A918ACBA}"
EndProject
Global
	GlobalSection(SolutionConfigurationPlatforms) = preSolution
		Debug|Any CPU = Debug|Any CPU
		Release|Any CPU = Release|Any CPU
	EndGlobalSection
	GlobalSection(ProjectConfigurationPlatforms) = postSolution
		{E97499F3-F86D-4214-BAAC-5A1CA0550A3F}.Debug|Any CPU.ActiveCfg = Debug|Any CPU
		{E97499F3-F86D-4214-BAAC-5A1CA0550A3F}.Debug|Any CPU.Build.0 = Debug|Any CPU
		{E97499F3-F86D-4214-BAAC-5A1CA0550A3F}.Release|Any CPU.ActiveCfg = Release|Any CPU
		{E97499F3-F86D-4214-BAAC-5A1CA0550A3F}.Release|Any CPU.Build.0 = Release|Any CPU
		{6BC4B31B-5FF7-4EAB-9CC9-8CFCFFDA0846}.Debug|Any CPU.ActiveCfg = Debug|Any CPU
		{6BC4B31B-5FF7-4EAB-9CC9-8CFCFFDA0846}.Debug|Any CPU.Build.0 = Debug|Any CPU
		{6BC4B31B-5FF7-4EAB-9CC9-8CFCFFDA0846}.Release|Any CPU.ActiveCfg = Release|Any CPU
		{6BC4B31B-5FF7-4EAB-9CC9-8CFCFFDA0846}.Release|Any CPU.Build.0 = Release|Any CPU
		{87B0720B-E836-4ECB-BF50-38300DB7ECAE}.Debug|Any CPU.ActiveCfg = Debug|Any CPU
		{87B0720B-E836-4ECB-BF50-38300DB7ECAE}.Debug|Any CPU.Build.0 = Debug|Any CPU
		{87B0720B-E836-4ECB-BF50-38300DB7ECAE}.Release|Any CPU.ActiveCfg = Release|Any CPU
		{87B0720B-E836-4ECB-BF50-38300DB7ECAE}.Release|Any CPU.Build.0 = Release|Any CPU
		{95B9D584-2509-4A9B-B093-7360051F2E98}.Debug|Any CPU.ActiveCfg = Debug|Any CPU
		{95B9D584-2509-4A9B-B093-7360051F2E98}.Debug|Any CPU.Build.0 = Debug|Any CPU
		{95B9D584-2509-4A9B-B093-7360051F2E98}.Release|Any CPU.ActiveCfg = Release|Any CPU
		{95B9D584-2509-4A9B-B093-7360051F2E98}.Release|Any CPU.Build.0 = Release|Any CPU
		{0CA5FAD4-DAEE-4D54-A38B-3A38A918ACBA}.Debug|Any CPU.ActiveCfg = Debug|Any CPU
		{0CA5FAD4-DAEE-4D54-A38B-3A38A918ACBA}.Debug|Any CPU.Build.0 = Debug|Any CPU
		{0CA5FAD4-DAEE-4D54-A38B-3A38A918ACBA}.Release|Any CPU.ActiveCfg = Release|Any CPU
		{0CA5FAD4-DAEE-4D54-A38B-3A38A918ACBA}.Release|Any CPU.Build.0 = Release|Any CPU
	EndGlobalSection
	GlobalSection(SolutionProperties) = preSolution
		HideSolutionNode = FALSE
	EndGlobalSection
EndGlobal
